// !$*UTF8*$!
{
	archiveVersion = 1;
	classes = {
	};
	objectVersion = 51;
	objects = {

/* Begin PBXBuildFile section */
		188C0B0D421E64FE171B6E75 /* MxNetworking.framework in Embed Frameworks */ = {isa = PBXBuildFile; fileRef = AFEE015A22153BF63D3BFBBC /* MxNetworking.framework */; settings = {ATTRIBUTES = (CodeSignOnCopy, RemoveHeadersOnCopy, ); }; };
		1BE4EA2F83A3388CF7D1CC09 /* MxNetworker.swift in Sources */ = {isa = PBXBuildFile; fileRef = 0EB98B7E9E1999685F44E4D5 /* MxNetworker.swift */; };
		1D05616ED91C5FAC19D1F9CD /* PokemonList.swift in Sources */ = {isa = PBXBuildFile; fileRef = 893985A3EC8A2751E6A5B3B6 /* PokemonList.swift */; };
		3FE26E61F2EAA79AD6CB25CC /* correct_pokemon_response.json in Resources */ = {isa = PBXBuildFile; fileRef = 082915DEFA643EDEBAC1881C /* correct_pokemon_response.json */; };
		4B8F0B02BC40B6E0E1FA5B35 /* AppDelegate.swift in Sources */ = {isa = PBXBuildFile; fileRef = FEB40979396199ED08F2184B /* AppDelegate.swift */; };
		58FE7BB780C261046EB3E4DE /* LaunchScreen.xib in Resources */ = {isa = PBXBuildFile; fileRef = 7501B01EAE0D75D98855C542 /* LaunchScreen.xib */; };
		5F74F053C61527D0F4F7671D /* Images.xcassets in Resources */ = {isa = PBXBuildFile; fileRef = 88D7667DDB1CDEDA457D5F9A /* Images.xcassets */; };
		60F2DEBA0AFF8F5627050F75 /* APIError.swift in Sources */ = {isa = PBXBuildFile; fileRef = 68A2CD99760B9AD9F41C9B6A /* APIError.swift */; };
		72AB9D69FCF9036CCE0E736A /* Product.swift in Sources */ = {isa = PBXBuildFile; fileRef = 7B62920A9EF211BF10533477 /* Product.swift */; };
		81EC1D1C3FCB7BEEBF64006F /* DemoView.swift in Sources */ = {isa = PBXBuildFile; fileRef = 5A3EB08E5EC9B05B2E62DBB4 /* DemoView.swift */; };
		87FFFD610DC6CE70B4EB472D /* PokeApiEndpoint.swift in Sources */ = {isa = PBXBuildFile; fileRef = EAEB4FA000F5BA4379E87B21 /* PokeApiEndpoint.swift */; };
		900FD558D9AC034EB855D38A /* MxNetworker+PostRequests.swift in Sources */ = {isa = PBXBuildFile; fileRef = C0473E8786D9B92F92633535 /* MxNetworker+PostRequests.swift */; };
		9709AC7392C5695FD40748DE /* URLSessionProtocol.swift in Sources */ = {isa = PBXBuildFile; fileRef = 3FF09F5B02D3120F9AA3464C /* URLSessionProtocol.swift */; };
		984BA9EB19CDAA0D83C0C0DF /* Main.storyboard in Resources */ = {isa = PBXBuildFile; fileRef = DC02465F8837F9A18CEFE268 /* Main.storyboard */; };
		98D87F11BA2A8103CF4B5232 /* MockUrlSession.swift in Sources */ = {isa = PBXBuildFile; fileRef = 3EE1BF94103E989165893FA1 /* MockUrlSession.swift */; };
		9FC425C16AFF8079E5C70B7B /* Bundle+Extensions.swift in Sources */ = {isa = PBXBuildFile; fileRef = AD0FDED8F58E2DF22BC9BDDD /* Bundle+Extensions.swift */; };
		BB622A6808AE3808D2E35448 /* MxNetworking.framework in Frameworks */ = {isa = PBXBuildFile; fileRef = AFEE015A22153BF63D3BFBBC /* MxNetworking.framework */; };
		C52B6980CC2B80CED6BA5BC0 /* HTTPMethod.swift in Sources */ = {isa = PBXBuildFile; fileRef = A45B785B4E8815DC19A55227 /* HTTPMethod.swift */; };
		C531BB6F52D4EB324DBA7062 /* AlertProvider.swift in Sources */ = {isa = PBXBuildFile; fileRef = F63AF3187158EE4D61ED8524 /* AlertProvider.swift */; };
		C76DBAC46EE4812D1ACA79BC /* ViewController.swift in Sources */ = {isa = PBXBuildFile; fileRef = EB70D2B18E500BD5D28FC585 /* ViewController.swift */; };
		EB278A25837FAF1C0A06BD4E /* bad_pokemon_response.json in Resources */ = {isa = PBXBuildFile; fileRef = 85D3FEF4CDB66055D89EC959 /* bad_pokemon_response.json */; };
		ED536EB7B987F220988767AB /* MxNetworkerTests.swift in Sources */ = {isa = PBXBuildFile; fileRef = AC475EA4DB76740F317B087D /* MxNetworkerTests.swift */; };
		FEC2D63DA67FAE9E90EE7F10 /* FakeStoreEnpoint.swift in Sources */ = {isa = PBXBuildFile; fileRef = A9132C1D229A455A6D19F51D /* FakeStoreEnpoint.swift */; };
/* End PBXBuildFile section */

/* Begin PBXContainerItemProxy section */
		184A0B6E66CCDCBF8F460C85 /* PBXContainerItemProxy */ = {
			isa = PBXContainerItemProxy;
			containerPortal = 64FF039C46665089EF353032 /* Project object */;
			proxyType = 1;
			remoteGlobalIDString = 789C86A5ED8F2C6EDFBEA340;
			remoteInfo = MxNetworkingDemo;
		};
		808BD58E107B676800035120 /* PBXContainerItemProxy */ = {
			isa = PBXContainerItemProxy;
			containerPortal = 64FF039C46665089EF353032 /* Project object */;
			proxyType = 1;
			remoteGlobalIDString = 994C65960EA86A9B1AD8B7E6;
			remoteInfo = MxNetworking;
		};
/* End PBXContainerItemProxy section */

/* Begin PBXCopyFilesBuildPhase section */
		AC4BF5FEB725164689CC0202 /* Embed Frameworks */ = {
			isa = PBXCopyFilesBuildPhase;
			buildActionMask = 2147483647;
			dstPath = "";
			dstSubfolderSpec = 10;
			files = (
				188C0B0D421E64FE171B6E75 /* MxNetworking.framework in Embed Frameworks */,
			);
			name = "Embed Frameworks";
			runOnlyForDeploymentPostprocessing = 0;
		};
/* End PBXCopyFilesBuildPhase section */

/* Begin PBXFileReference section */
		082915DEFA643EDEBAC1881C /* correct_pokemon_response.json */ = {isa = PBXFileReference; lastKnownFileType = text.json; path = correct_pokemon_response.json; sourceTree = "<group>"; };
		0EB98B7E9E1999685F44E4D5 /* MxNetworker.swift */ = {isa = PBXFileReference; lastKnownFileType = sourcecode.swift; path = MxNetworker.swift; sourceTree = "<group>"; };
		1F672C57DC4FB0AE8F893CCB /* MxNetworkingDemo.app */ = {isa = PBXFileReference; includeInIndex = 0; lastKnownFileType = wrapper.application; path = MxNetworkingDemo.app; sourceTree = BUILT_PRODUCTS_DIR; };
		388A4EC3DA84A03C54C084B6 /* MxNetworkingTests.xctest */ = {isa = PBXFileReference; includeInIndex = 0; lastKnownFileType = wrapper.cfbundle; path = MxNetworkingTests.xctest; sourceTree = BUILT_PRODUCTS_DIR; };
		3EE1BF94103E989165893FA1 /* MockUrlSession.swift */ = {isa = PBXFileReference; lastKnownFileType = sourcecode.swift; path = MockUrlSession.swift; sourceTree = "<group>"; };
		3FF09F5B02D3120F9AA3464C /* URLSessionProtocol.swift */ = {isa = PBXFileReference; lastKnownFileType = sourcecode.swift; path = URLSessionProtocol.swift; sourceTree = "<group>"; };
		5743147D5E715F817D5F33D8 /* Base */ = {isa = PBXFileReference; lastKnownFileType = file.xib; name = Base; path = Base.lproj/LaunchScreen.xib; sourceTree = "<group>"; };
		5A3EB08E5EC9B05B2E62DBB4 /* DemoView.swift */ = {isa = PBXFileReference; lastKnownFileType = sourcecode.swift; path = DemoView.swift; sourceTree = "<group>"; };
		689E5689BE666F29D4DD7AB6 /* Info.plist */ = {isa = PBXFileReference; lastKnownFileType = text.plist; path = Info.plist; sourceTree = "<group>"; };
		68A2CD99760B9AD9F41C9B6A /* APIError.swift */ = {isa = PBXFileReference; lastKnownFileType = sourcecode.swift; path = APIError.swift; sourceTree = "<group>"; };
		7B62920A9EF211BF10533477 /* Product.swift */ = {isa = PBXFileReference; lastKnownFileType = sourcecode.swift; path = Product.swift; sourceTree = "<group>"; };
		85D3FEF4CDB66055D89EC959 /* bad_pokemon_response.json */ = {isa = PBXFileReference; lastKnownFileType = text.json; path = bad_pokemon_response.json; sourceTree = "<group>"; };
		88D7667DDB1CDEDA457D5F9A /* Images.xcassets */ = {isa = PBXFileReference; lastKnownFileType = folder.assetcatalog; path = Images.xcassets; sourceTree = "<group>"; };
		893985A3EC8A2751E6A5B3B6 /* PokemonList.swift */ = {isa = PBXFileReference; lastKnownFileType = sourcecode.swift; path = PokemonList.swift; sourceTree = "<group>"; };
		A45B785B4E8815DC19A55227 /* HTTPMethod.swift */ = {isa = PBXFileReference; lastKnownFileType = sourcecode.swift; path = HTTPMethod.swift; sourceTree = "<group>"; };
		A9132C1D229A455A6D19F51D /* FakeStoreEnpoint.swift */ = {isa = PBXFileReference; lastKnownFileType = sourcecode.swift; path = FakeStoreEnpoint.swift; sourceTree = "<group>"; };
		AC475EA4DB76740F317B087D /* MxNetworkerTests.swift */ = {isa = PBXFileReference; lastKnownFileType = sourcecode.swift; path = MxNetworkerTests.swift; sourceTree = "<group>"; };
		AD0FDED8F58E2DF22BC9BDDD /* Bundle+Extensions.swift */ = {isa = PBXFileReference; lastKnownFileType = sourcecode.swift; path = "Bundle+Extensions.swift"; sourceTree = "<group>"; };
		AFEE015A22153BF63D3BFBBC /* MxNetworking.framework */ = {isa = PBXFileReference; explicitFileType = wrapper.framework; includeInIndex = 0; path = MxNetworking.framework; sourceTree = BUILT_PRODUCTS_DIR; };
		C0473E8786D9B92F92633535 /* MxNetworker+PostRequests.swift */ = {isa = PBXFileReference; lastKnownFileType = sourcecode.swift; path = "MxNetworker+PostRequests.swift"; sourceTree = "<group>"; };
		E0A0C79EA43CF4CD5C69AED9 /* Base */ = {isa = PBXFileReference; lastKnownFileType = file.storyboard; name = Base; path = Base.lproj/Main.storyboard; sourceTree = "<group>"; };
		E10163DE5184F55439C16A13 /* Info.plist */ = {isa = PBXFileReference; lastKnownFileType = text.plist; path = Info.plist; sourceTree = "<group>"; };
		EAEB4FA000F5BA4379E87B21 /* PokeApiEndpoint.swift */ = {isa = PBXFileReference; lastKnownFileType = sourcecode.swift; path = PokeApiEndpoint.swift; sourceTree = "<group>"; };
		EB70D2B18E500BD5D28FC585 /* ViewController.swift */ = {isa = PBXFileReference; lastKnownFileType = sourcecode.swift; path = ViewController.swift; sourceTree = "<group>"; };
		F63AF3187158EE4D61ED8524 /* AlertProvider.swift */ = {isa = PBXFileReference; lastKnownFileType = sourcecode.swift; path = AlertProvider.swift; sourceTree = "<group>"; };
		FEB40979396199ED08F2184B /* AppDelegate.swift */ = {isa = PBXFileReference; lastKnownFileType = sourcecode.swift; path = AppDelegate.swift; sourceTree = "<group>"; };
/* End PBXFileReference section */

/* Begin PBXFrameworksBuildPhase section */
		3CB0E3F9AB71655F32A2212B /* Frameworks */ = {
			isa = PBXFrameworksBuildPhase;
			buildActionMask = 2147483647;
			files = (
				BB622A6808AE3808D2E35448 /* MxNetworking.framework in Frameworks */,
			);
			runOnlyForDeploymentPostprocessing = 0;
		};
/* End PBXFrameworksBuildPhase section */

/* Begin PBXGroup section */
		55FC02CA2EF06F1435427588 /* MxNetworking */ = {
			isa = PBXGroup;
			children = (
				68A2CD99760B9AD9F41C9B6A /* APIError.swift */,
				A45B785B4E8815DC19A55227 /* HTTPMethod.swift */,
				B62BA284647DF82698CB1FF8 /* API */,
				8BECD0F6813626D05492D5FC /* Utils */,
			);
			name = MxNetworking;
			path = MxNetworking/MxNetworking;
			sourceTree = "<group>";
		};
		5A138A2C684D0852FA990ADF /* MxNetworkingDemo */ = {
			isa = PBXGroup;
			children = (
				F63AF3187158EE4D61ED8524 /* AlertProvider.swift */,
				FEB40979396199ED08F2184B /* AppDelegate.swift */,
				5A3EB08E5EC9B05B2E62DBB4 /* DemoView.swift */,
				A9132C1D229A455A6D19F51D /* FakeStoreEnpoint.swift */,
				88D7667DDB1CDEDA457D5F9A /* Images.xcassets */,
				E10163DE5184F55439C16A13 /* Info.plist */,
				7501B01EAE0D75D98855C542 /* LaunchScreen.xib */,
				DC02465F8837F9A18CEFE268 /* Main.storyboard */,
				EAEB4FA000F5BA4379E87B21 /* PokeApiEndpoint.swift */,
				893985A3EC8A2751E6A5B3B6 /* PokemonList.swift */,
				7B62920A9EF211BF10533477 /* Product.swift */,
				EB70D2B18E500BD5D28FC585 /* ViewController.swift */,
			);
			name = MxNetworkingDemo;
			path = MxNetworking/MxNetworkingDemo;
			sourceTree = "<group>";
		};
		8BECD0F6813626D05492D5FC /* Utils */ = {
			isa = PBXGroup;
			children = (
				3FF09F5B02D3120F9AA3464C /* URLSessionProtocol.swift */,
			);
			path = Utils;
			sourceTree = "<group>";
		};
		A7C44D45971A8E7E2D63DC23 /* Products */ = {
			isa = PBXGroup;
			children = (
				AFEE015A22153BF63D3BFBBC /* MxNetworking.framework */,
				1F672C57DC4FB0AE8F893CCB /* MxNetworkingDemo.app */,
				388A4EC3DA84A03C54C084B6 /* MxNetworkingTests.xctest */,
			);
			name = Products;
			sourceTree = "<group>";
		};
		B62BA284647DF82698CB1FF8 /* API */ = {
			isa = PBXGroup;
			children = (
				0EB98B7E9E1999685F44E4D5 /* MxNetworker.swift */,
				C0473E8786D9B92F92633535 /* MxNetworker+PostRequests.swift */,
			);
			path = API;
			sourceTree = "<group>";
		};
		E41436ED966654E1507FF01B = {
			isa = PBXGroup;
			children = (
				55FC02CA2EF06F1435427588 /* MxNetworking */,
				5A138A2C684D0852FA990ADF /* MxNetworkingDemo */,
				ECBCE37E4DE75F3EE94A92EE /* MxNetworkingTests */,
				A7C44D45971A8E7E2D63DC23 /* Products */,
			);
			sourceTree = "<group>";
		};
		ECBCE37E4DE75F3EE94A92EE /* MxNetworkingTests */ = {
			isa = PBXGroup;
			children = (
				85D3FEF4CDB66055D89EC959 /* bad_pokemon_response.json */,
				AD0FDED8F58E2DF22BC9BDDD /* Bundle+Extensions.swift */,
				082915DEFA643EDEBAC1881C /* correct_pokemon_response.json */,
				689E5689BE666F29D4DD7AB6 /* Info.plist */,
				3EE1BF94103E989165893FA1 /* MockUrlSession.swift */,
				AC475EA4DB76740F317B087D /* MxNetworkerTests.swift */,
			);
			name = MxNetworkingTests;
			path = MxNetworking/MxNetworkingTests;
			sourceTree = "<group>";
		};
/* End PBXGroup section */

/* Begin PBXNativeTarget section */
		3F9CDBB54151AB3674FB50B8 /* MxNetworkingTests */ = {
			isa = PBXNativeTarget;
			buildConfigurationList = 7E4EA95FBED40741F49B9BD6 /* Build configuration list for PBXNativeTarget "MxNetworkingTests" */;
			buildPhases = (
				074C8FCC7F14CFDC349D2EE3 /* Sources */,
				3B3E0035C979FC7D4D51BC8F /* Resources */,
			);
			buildRules = (
			);
			dependencies = (
				B91E0A21C5D43833E6EDC9E4 /* PBXTargetDependency */,
			);
			name = MxNetworkingTests;
			productName = MxNetworkingTests;
			productReference = 388A4EC3DA84A03C54C084B6 /* MxNetworkingTests.xctest */;
			productType = "com.apple.product-type.bundle.unit-test";
		};
		789C86A5ED8F2C6EDFBEA340 /* MxNetworkingDemo */ = {
			isa = PBXNativeTarget;
			buildConfigurationList = BBA3225E7C545C5D92E06BE6 /* Build configuration list for PBXNativeTarget "MxNetworkingDemo" */;
			buildPhases = (
				0FBDB1BAB59F554AFD449B58 /* Sources */,
				93A03197C219E41F08827158 /* Resources */,
				3CB0E3F9AB71655F32A2212B /* Frameworks */,
				AC4BF5FEB725164689CC0202 /* Embed Frameworks */,
			);
			buildRules = (
			);
			dependencies = (
				82C605B8ABC72A80327EAAC8 /* PBXTargetDependency */,
			);
			name = MxNetworkingDemo;
			productName = MxNetworkingDemo;
			productReference = 1F672C57DC4FB0AE8F893CCB /* MxNetworkingDemo.app */;
			productType = "com.apple.product-type.application";
		};
		994C65960EA86A9B1AD8B7E6 /* MxNetworking */ = {
			isa = PBXNativeTarget;
			buildConfigurationList = FC49420866DF97CC4CB19BBF /* Build configuration list for PBXNativeTarget "MxNetworking" */;
			buildPhases = (
				58E80D5532B15C96B437D440 /* Sources */,
			);
			buildRules = (
			);
			dependencies = (
			);
			name = MxNetworking;
			productName = MxNetworking;
			productReference = AFEE015A22153BF63D3BFBBC /* MxNetworking.framework */;
			productType = "com.apple.product-type.framework";
		};
/* End PBXNativeTarget section */

/* Begin PBXProject section */
		64FF039C46665089EF353032 /* Project object */ = {
			isa = PBXProject;
			attributes = {
				LastUpgradeCheck = 1501;
				TargetAttributes = {
					3F9CDBB54151AB3674FB50B8 = {
						DevelopmentTeam = 5P4JJDT7CR;
						ProvisioningStyle = Automatic;
					};
					789C86A5ED8F2C6EDFBEA340 = {
						DevelopmentTeam = 5P4JJDT7CR;
						ProvisioningStyle = Automatic;
					};
					994C65960EA86A9B1AD8B7E6 = {
						DevelopmentTeam = 5P4JJDT7CR;
						ProvisioningStyle = Automatic;
					};
				};
			};
			buildConfigurationList = 81BF6D3618EFC9A38C05DB12 /* Build configuration list for PBXProject "MxNetworking" */;
			compatibilityVersion = "Xcode 11.0";
			developmentRegion = en;
			hasScannedForEncodings = 0;
			knownRegions = (
				Base,
				en,
			);
			mainGroup = E41436ED966654E1507FF01B;
			projectDirPath = "";
			projectRoot = "";
			targets = (
				994C65960EA86A9B1AD8B7E6 /* MxNetworking */,
				789C86A5ED8F2C6EDFBEA340 /* MxNetworkingDemo */,
				3F9CDBB54151AB3674FB50B8 /* MxNetworkingTests */,
			);
		};
/* End PBXProject section */

/* Begin PBXResourcesBuildPhase section */
		3B3E0035C979FC7D4D51BC8F /* Resources */ = {
			isa = PBXResourcesBuildPhase;
			buildActionMask = 2147483647;
			files = (
				EB278A25837FAF1C0A06BD4E /* bad_pokemon_response.json in Resources */,
				3FE26E61F2EAA79AD6CB25CC /* correct_pokemon_response.json in Resources */,
			);
			runOnlyForDeploymentPostprocessing = 0;
		};
		93A03197C219E41F08827158 /* Resources */ = {
			isa = PBXResourcesBuildPhase;
			buildActionMask = 2147483647;
			files = (
				5F74F053C61527D0F4F7671D /* Images.xcassets in Resources */,
				58FE7BB780C261046EB3E4DE /* LaunchScreen.xib in Resources */,
				984BA9EB19CDAA0D83C0C0DF /* Main.storyboard in Resources */,
			);
			runOnlyForDeploymentPostprocessing = 0;
		};
/* End PBXResourcesBuildPhase section */

/* Begin PBXSourcesBuildPhase section */
		074C8FCC7F14CFDC349D2EE3 /* Sources */ = {
			isa = PBXSourcesBuildPhase;
			buildActionMask = 2147483647;
			files = (
				9FC425C16AFF8079E5C70B7B /* Bundle+Extensions.swift in Sources */,
				98D87F11BA2A8103CF4B5232 /* MockUrlSession.swift in Sources */,
				ED536EB7B987F220988767AB /* MxNetworkerTests.swift in Sources */,
			);
			runOnlyForDeploymentPostprocessing = 0;
		};
		0FBDB1BAB59F554AFD449B58 /* Sources */ = {
			isa = PBXSourcesBuildPhase;
			buildActionMask = 2147483647;
			files = (
				C531BB6F52D4EB324DBA7062 /* AlertProvider.swift in Sources */,
				4B8F0B02BC40B6E0E1FA5B35 /* AppDelegate.swift in Sources */,
				81EC1D1C3FCB7BEEBF64006F /* DemoView.swift in Sources */,
				FEC2D63DA67FAE9E90EE7F10 /* FakeStoreEnpoint.swift in Sources */,
				87FFFD610DC6CE70B4EB472D /* PokeApiEndpoint.swift in Sources */,
				1D05616ED91C5FAC19D1F9CD /* PokemonList.swift in Sources */,
				72AB9D69FCF9036CCE0E736A /* Product.swift in Sources */,
				C76DBAC46EE4812D1ACA79BC /* ViewController.swift in Sources */,
			);
			runOnlyForDeploymentPostprocessing = 0;
		};
		58E80D5532B15C96B437D440 /* Sources */ = {
			isa = PBXSourcesBuildPhase;
			buildActionMask = 2147483647;
			files = (
				60F2DEBA0AFF8F5627050F75 /* APIError.swift in Sources */,
				C52B6980CC2B80CED6BA5BC0 /* HTTPMethod.swift in Sources */,
				900FD558D9AC034EB855D38A /* MxNetworker+PostRequests.swift in Sources */,
				1BE4EA2F83A3388CF7D1CC09 /* MxNetworker.swift in Sources */,
				9709AC7392C5695FD40748DE /* URLSessionProtocol.swift in Sources */,
			);
			runOnlyForDeploymentPostprocessing = 0;
		};
/* End PBXSourcesBuildPhase section */

/* Begin PBXTargetDependency section */
		82C605B8ABC72A80327EAAC8 /* PBXTargetDependency */ = {
			isa = PBXTargetDependency;
			target = 994C65960EA86A9B1AD8B7E6 /* MxNetworking */;
			targetProxy = 808BD58E107B676800035120 /* PBXContainerItemProxy */;
		};
		B91E0A21C5D43833E6EDC9E4 /* PBXTargetDependency */ = {
			isa = PBXTargetDependency;
			target = 789C86A5ED8F2C6EDFBEA340 /* MxNetworkingDemo */;
			targetProxy = 184A0B6E66CCDCBF8F460C85 /* PBXContainerItemProxy */;
		};
/* End PBXTargetDependency section */

/* Begin PBXVariantGroup section */
		7501B01EAE0D75D98855C542 /* LaunchScreen.xib */ = {
			isa = PBXVariantGroup;
			children = (
				5743147D5E715F817D5F33D8 /* Base */,
			);
			name = LaunchScreen.xib;
			sourceTree = "<group>";
		};
		DC02465F8837F9A18CEFE268 /* Main.storyboard */ = {
			isa = PBXVariantGroup;
			children = (
				E0A0C79EA43CF4CD5C69AED9 /* Base */,
			);
			name = Main.storyboard;
			sourceTree = "<group>";
		};
/* End PBXVariantGroup section */

/* Begin XCBuildConfiguration section */
		540317A4A506D56878D381FD /* Release */ = {
			isa = XCBuildConfiguration;
			buildSettings = {
				ASSETCATALOG_COMPILER_APPICON_NAME = AppIcon;
				CODE_SIGN_IDENTITY = "iPhone Developer";
				INFOPLIST_FILE = MxNetworking/MxNetworkingDemo/Info.plist;
				LD_RUNPATH_SEARCH_PATHS = (
					"$(inherited)",
					"@executable_path/Frameworks",
				);
				PRODUCT_BUNDLE_IDENTIFIER = com.urielh.MxNetworkingDemo;
				SDKROOT = iphoneos;
				TARGETED_DEVICE_FAMILY = "1,2";
			};
			name = Release;
		};
		6A2E5618C9D328C29623E3AC /* Debug */ = {
			isa = XCBuildConfiguration;
			buildSettings = {
				ASSETCATALOG_COMPILER_APPICON_NAME = AppIcon;
				CODE_SIGN_IDENTITY = "iPhone Developer";
				INFOPLIST_FILE = MxNetworking/MxNetworkingDemo/Info.plist;
				LD_RUNPATH_SEARCH_PATHS = (
					"$(inherited)",
					"@executable_path/Frameworks",
				);
				PRODUCT_BUNDLE_IDENTIFIER = com.urielh.MxNetworkingDemo;
				SDKROOT = iphoneos;
				TARGETED_DEVICE_FAMILY = "1,2";
			};
			name = Debug;
		};
		744C5A52253C5BF398D093CD /* Release */ = {
			isa = XCBuildConfiguration;
			buildSettings = {
				ALWAYS_SEARCH_USER_PATHS = NO;
				BUNDLE_VERSION = 1;
				CLANG_ANALYZER_NONNULL = YES;
				CLANG_ANALYZER_NUMBER_OBJECT_CONVERSION = YES_AGGRESSIVE;
				CLANG_CXX_LANGUAGE_STANDARD = "gnu++14";
				CLANG_CXX_LIBRARY = "libc++";
				CLANG_ENABLE_MODULES = YES;
				CLANG_ENABLE_OBJC_ARC = YES;
				CLANG_ENABLE_OBJC_WEAK = YES;
				CLANG_WARN_BLOCK_CAPTURE_AUTORELEASING = YES;
				CLANG_WARN_BOOL_CONVERSION = YES;
				CLANG_WARN_COMMA = YES;
				CLANG_WARN_CONSTANT_CONVERSION = YES;
				CLANG_WARN_DEPRECATED_OBJC_IMPLEMENTATIONS = YES;
				CLANG_WARN_DIRECT_OBJC_ISA_USAGE = YES_ERROR;
				CLANG_WARN_DOCUMENTATION_COMMENTS = YES;
				CLANG_WARN_EMPTY_BODY = YES;
				CLANG_WARN_ENUM_CONVERSION = YES;
				CLANG_WARN_INFINITE_RECURSION = YES;
				CLANG_WARN_INT_CONVERSION = YES;
				CLANG_WARN_NON_LITERAL_NULL_CONVERSION = YES;
				CLANG_WARN_OBJC_IMPLICIT_RETAIN_SELF = YES;
				CLANG_WARN_OBJC_LITERAL_CONVERSION = YES;
				CLANG_WARN_OBJC_ROOT_CLASS = YES_ERROR;
				CLANG_WARN_QUOTED_INCLUDE_IN_FRAMEWORK_HEADER = YES;
				CLANG_WARN_RANGE_LOOP_ANALYSIS = YES;
				CLANG_WARN_STRICT_PROTOTYPES = YES;
				CLANG_WARN_SUSPICIOUS_MOVE = YES;
				CLANG_WARN_UNGUARDED_AVAILABILITY = YES_AGGRESSIVE;
				CLANG_WARN_UNREACHABLE_CODE = YES;
				CLANG_WARN__DUPLICATE_METHOD_MATCH = YES;
				CODE_SIGN_STYLE = Automatic;
				COPY_PHASE_STRIP = NO;
				CURRENT_PROJECT_VERSION = 1;
				DEBUG_INFORMATION_FORMAT = "dwarf-with-dsym";
				DEVELOPMENT_TEAM = 5P4JJDT7CR;
				ENABLE_NS_ASSERTIONS = NO;
				ENABLE_STRICT_OBJC_MSGSEND = YES;
				GCC_C_LANGUAGE_STANDARD = gnu11;
				GCC_NO_COMMON_BLOCKS = YES;
				GCC_WARN_64_TO_32_BIT_CONVERSION = YES;
				GCC_WARN_ABOUT_RETURN_TYPE = YES_ERROR;
				GCC_WARN_UNDECLARED_SELECTOR = YES;
				GCC_WARN_UNINITIALIZED_AUTOS = YES_AGGRESSIVE;
				GCC_WARN_UNUSED_FUNCTION = YES;
				GCC_WARN_UNUSED_VARIABLE = YES;
				IPHONEOS_DEPLOYMENT_TARGET = 13.0;
				MARKETING_VERSION = 1.0.0;
				MTL_ENABLE_DEBUG_INFO = NO;
				MTL_FAST_MATH = YES;
				PRODUCT_NAME = "$(TARGET_NAME)";
				SDKROOT = iphoneos;
				SWIFT_COMPILATION_MODE = wholemodule;
				SWIFT_OPTIMIZATION_LEVEL = "-O";
				SWIFT_VERSION = 5.0;
			};
			name = Release;
		};
		77B47509B399FA535F6BD698 /* Debug */ = {
			isa = XCBuildConfiguration;
			buildSettings = {
				CODE_SIGN_IDENTITY = "";
				CURRENT_PROJECT_VERSION = 1;
				DEFINES_MODULE = YES;
				DYLIB_COMPATIBILITY_VERSION = 1;
				DYLIB_CURRENT_VERSION = 1;
				DYLIB_INSTALL_NAME_BASE = "@rpath";
				INFOPLIST_FILE = MxNetworking/MxNetworkingDemo/Info.plist;
				INSTALL_PATH = "$(LOCAL_LIBRARY_DIR)/Frameworks";
				LD_RUNPATH_SEARCH_PATHS = (
					"$(inherited)",
					"@executable_path/Frameworks",
				);
				PRODUCT_BUNDLE_IDENTIFIER = com.urielh.MxNetworking;
				SDKROOT = iphoneos;
				SKIP_INSTALL = YES;
				TARGETED_DEVICE_FAMILY = "1,2";
				VERSIONING_SYSTEM = "apple-generic";
			};
			name = Debug;
		};
		8B9BF08D8CA77D992F355539 /* Debug */ = {
			isa = XCBuildConfiguration;
			buildSettings = {
				BUNDLE_LOADER = "$(TEST_HOST)";
				INFOPLIST_FILE = MxNetworking/MxNetworkingTests/Info.plist;
				LD_RUNPATH_SEARCH_PATHS = (
					"$(inherited)",
					"@executable_path/Frameworks",
					"@loader_path/Frameworks",
				);
				PRODUCT_BUNDLE_IDENTIFIER = com.urielh.MxNetworkingTests;
				SDKROOT = iphoneos;
				TARGETED_DEVICE_FAMILY = "1,2";
				TEST_HOST = "$(BUILT_PRODUCTS_DIR)/MxNetworkingDemo.app/MxNetworkingDemo";
			};
			name = Debug;
		};
		A5072C4897C9D9BF7FF8D12A /* Release */ = {
			isa = XCBuildConfiguration;
			buildSettings = {
				CODE_SIGN_IDENTITY = "";
				CURRENT_PROJECT_VERSION = 1;
				DEFINES_MODULE = YES;
				DYLIB_COMPATIBILITY_VERSION = 1;
				DYLIB_CURRENT_VERSION = 1;
				DYLIB_INSTALL_NAME_BASE = "@rpath";
				INFOPLIST_FILE = MxNetworking/MxNetworkingDemo/Info.plist;
				INSTALL_PATH = "$(LOCAL_LIBRARY_DIR)/Frameworks";
				LD_RUNPATH_SEARCH_PATHS = (
					"$(inherited)",
					"@executable_path/Frameworks",
				);
				PRODUCT_BUNDLE_IDENTIFIER = com.urielh.MxNetworking;
				SDKROOT = iphoneos;
				SKIP_INSTALL = YES;
				TARGETED_DEVICE_FAMILY = "1,2";
				VERSIONING_SYSTEM = "apple-generic";
			};
			name = Release;
		};
		A9E8AA1A9869C77E1A0FB8B6 /* Release */ = {
			isa = XCBuildConfiguration;
			buildSettings = {
				BUNDLE_LOADER = "$(TEST_HOST)";
				INFOPLIST_FILE = MxNetworking/MxNetworkingTests/Info.plist;
				LD_RUNPATH_SEARCH_PATHS = (
					"$(inherited)",
					"@executable_path/Frameworks",
					"@loader_path/Frameworks",
				);
				PRODUCT_BUNDLE_IDENTIFIER = com.urielh.MxNetworkingTests;
				SDKROOT = iphoneos;
				TARGETED_DEVICE_FAMILY = "1,2";
				TEST_HOST = "$(BUILT_PRODUCTS_DIR)/MxNetworkingDemo.app/MxNetworkingDemo";
			};
			name = Release;
		};
		F2405F1DE99DB1FD4CDDCEE0 /* Debug */ = {
			isa = XCBuildConfiguration;
			buildSettings = {
				ALWAYS_SEARCH_USER_PATHS = NO;
				BUNDLE_VERSION = 1;
				CLANG_ANALYZER_NONNULL = YES;
				CLANG_ANALYZER_NUMBER_OBJECT_CONVERSION = YES_AGGRESSIVE;
				CLANG_CXX_LANGUAGE_STANDARD = "gnu++14";
				CLANG_CXX_LIBRARY = "libc++";
				CLANG_ENABLE_MODULES = YES;
				CLANG_ENABLE_OBJC_ARC = YES;
				CLANG_ENABLE_OBJC_WEAK = YES;
				CLANG_WARN_BLOCK_CAPTURE_AUTORELEASING = YES;
				CLANG_WARN_BOOL_CONVERSION = YES;
				CLANG_WARN_COMMA = YES;
				CLANG_WARN_CONSTANT_CONVERSION = YES;
				CLANG_WARN_DEPRECATED_OBJC_IMPLEMENTATIONS = YES;
				CLANG_WARN_DIRECT_OBJC_ISA_USAGE = YES_ERROR;
				CLANG_WARN_DOCUMENTATION_COMMENTS = YES;
				CLANG_WARN_EMPTY_BODY = YES;
				CLANG_WARN_ENUM_CONVERSION = YES;
				CLANG_WARN_INFINITE_RECURSION = YES;
				CLANG_WARN_INT_CONVERSION = YES;
				CLANG_WARN_NON_LITERAL_NULL_CONVERSION = YES;
				CLANG_WARN_OBJC_IMPLICIT_RETAIN_SELF = YES;
				CLANG_WARN_OBJC_LITERAL_CONVERSION = YES;
				CLANG_WARN_OBJC_ROOT_CLASS = YES_ERROR;
				CLANG_WARN_QUOTED_INCLUDE_IN_FRAMEWORK_HEADER = YES;
				CLANG_WARN_RANGE_LOOP_ANALYSIS = YES;
				CLANG_WARN_STRICT_PROTOTYPES = YES;
				CLANG_WARN_SUSPICIOUS_MOVE = YES;
				CLANG_WARN_UNGUARDED_AVAILABILITY = YES_AGGRESSIVE;
				CLANG_WARN_UNREACHABLE_CODE = YES;
				CLANG_WARN__DUPLICATE_METHOD_MATCH = YES;
				CODE_SIGN_STYLE = Automatic;
				COPY_PHASE_STRIP = NO;
				CURRENT_PROJECT_VERSION = 1;
				DEBUG_INFORMATION_FORMAT = dwarf;
				DEVELOPMENT_TEAM = 5P4JJDT7CR;
				ENABLE_STRICT_OBJC_MSGSEND = YES;
				ENABLE_TESTABILITY = YES;
				GCC_C_LANGUAGE_STANDARD = gnu11;
				GCC_DYNAMIC_NO_PIC = NO;
				GCC_NO_COMMON_BLOCKS = YES;
				GCC_OPTIMIZATION_LEVEL = 0;
				GCC_PREPROCESSOR_DEFINITIONS = (
					"$(inherited)",
					"DEBUG=1",
				);
				GCC_WARN_64_TO_32_BIT_CONVERSION = YES;
				GCC_WARN_ABOUT_RETURN_TYPE = YES_ERROR;
				GCC_WARN_UNDECLARED_SELECTOR = YES;
				GCC_WARN_UNINITIALIZED_AUTOS = YES_AGGRESSIVE;
				GCC_WARN_UNUSED_FUNCTION = YES;
				GCC_WARN_UNUSED_VARIABLE = YES;
				IPHONEOS_DEPLOYMENT_TARGET = 13.0;
				MARKETING_VERSION = 1.0.0;
				MTL_ENABLE_DEBUG_INFO = INCLUDE_SOURCE;
				MTL_FAST_MATH = YES;
				ONLY_ACTIVE_ARCH = YES;
				PRODUCT_NAME = "$(TARGET_NAME)";
				SDKROOT = iphoneos;
				SWIFT_ACTIVE_COMPILATION_CONDITIONS = DEBUG;
				SWIFT_OPTIMIZATION_LEVEL = "-Onone";
				SWIFT_VERSION = 5.0;
			};
			name = Debug;
		};
/* End XCBuildConfiguration section */

/* Begin XCConfigurationList section */
		7E4EA95FBED40741F49B9BD6 /* Build configuration list for PBXNativeTarget "MxNetworkingTests" */ = {
			isa = XCConfigurationList;
			buildConfigurations = (
				8B9BF08D8CA77D992F355539 /* Debug */,
				A9E8AA1A9869C77E1A0FB8B6 /* Release */,
			);
			defaultConfigurationIsVisible = 0;
			defaultConfigurationName = Debug;
		};
		81BF6D3618EFC9A38C05DB12 /* Build configuration list for PBXProject "MxNetworking" */ = {
			isa = XCConfigurationList;
			buildConfigurations = (
				F2405F1DE99DB1FD4CDDCEE0 /* Debug */,
				744C5A52253C5BF398D093CD /* Release */,
			);
			defaultConfigurationIsVisible = 0;
			defaultConfigurationName = Debug;
		};
		BBA3225E7C545C5D92E06BE6 /* Build configuration list for PBXNativeTarget "MxNetworkingDemo" */ = {
			isa = XCConfigurationList;
			buildConfigurations = (
				6A2E5618C9D328C29623E3AC /* Debug */,
				540317A4A506D56878D381FD /* Release */,
			);
			defaultConfigurationIsVisible = 0;
			defaultConfigurationName = Debug;
		};
		FC49420866DF97CC4CB19BBF /* Build configuration list for PBXNativeTarget "MxNetworking" */ = {
			isa = XCConfigurationList;
			buildConfigurations = (
				77B47509B399FA535F6BD698 /* Debug */,
				A5072C4897C9D9BF7FF8D12A /* Release */,
			);
			defaultConfigurationIsVisible = 0;
			defaultConfigurationName = Debug;
		};
/* End XCConfigurationList section */
	};
	rootObject = 64FF039C46665089EF353032 /* Project object */;
}
